// !$*UTF8*$!
{
	archiveVersion = 1;
	classes = {
	};
	objectVersion = 46;
	objects = {

/* Begin PBXBuildFile section */
		5818DBFB1B95948A00571A61 /* main.m in Sources */ = {isa = PBXBuildFile; fileRef = 5818DBFA1B95948A00571A61 /* main.m */; };
		5818DBFE1B95948A00571A61 /* AppDelegate.m in Sources */ = {isa = PBXBuildFile; fileRef = 5818DBFD1B95948A00571A61 /* AppDelegate.m */; };
		5818DC001B95948A00571A61 /* Images.xcassets in Resources */ = {isa = PBXBuildFile; fileRef = 5818DBFF1B95948A00571A61 /* Images.xcassets */; };
		5818DC031B95948A00571A61 /* LaunchScreen.xib in Resources */ = {isa = PBXBuildFile; fileRef = 5818DC011B95948A00571A61 /* LaunchScreen.xib */; };
		5818DC0F1B95948A00571A61 /* AnimationTests.m in Sources */ = {isa = PBXBuildFile; fileRef = 5818DC0E1B95948A00571A61 /* AnimationTests.m */; };
		5818DC1A1B9594E600571A61 /* CollectionViewController.m in Sources */ = {isa = PBXBuildFile; fileRef = 5818DC191B9594E600571A61 /* CollectionViewController.m */; };
		5818DC231B95974500571A61 /* LineLayout.m in Sources */ = {isa = PBXBuildFile; fileRef = 5818DC221B95974500571A61 /* LineLayout.m */; };
		5818DC261B95979300571A61 /* Cell.m in Sources */ = {isa = PBXBuildFile; fileRef = 5818DC251B95979300571A61 /* Cell.m */; };
/* End PBXBuildFile section */

/* Begin PBXContainerItemProxy section */
		5818DC091B95948A00571A61 /* PBXContainerItemProxy */ = {
			isa = PBXContainerItemProxy;
			containerPortal = 5818DBED1B95948900571A61 /* Project object */;
			proxyType = 1;
			remoteGlobalIDString = 5818DBF41B95948A00571A61;
			remoteInfo = Animation;
		};
/* End PBXContainerItemProxy section */

/* Begin PBXFileReference section */
		5818DBF51B95948A00571A61 /* Animation.app */ = {isa = PBXFileReference; explicitFileType = wrapper.application; includeInIndex = 0; path = Animation.app; sourceTree = BUILT_PRODUCTS_DIR; };
		5818DBF91B95948A00571A61 /* Info.plist */ = {isa = PBXFileReference; lastKnownFileType = text.plist.xml; path = Info.plist; sourceTree = "<group>"; };
		5818DBFA1B95948A00571A61 /* main.m */ = {isa = PBXFileReference; lastKnownFileType = sourcecode.c.objc; path = main.m; sourceTree = "<group>"; };
		5818DBFC1B95948A00571A61 /* AppDelegate.h */ = {isa = PBXFileReference; lastKnownFileType = sourcecode.c.h; path = AppDelegate.h; sourceTree = "<group>"; };
		5818DBFD1B95948A00571A61 /* AppDelegate.m */ = {isa = PBXFileReference; lastKnownFileType = sourcecode.c.objc; path = AppDelegate.m; sourceTree = "<group>"; };
		5818DBFF1B95948A00571A61 /* Images.xcassets */ = {isa = PBXFileReference; lastKnownFileType = folder.assetcatalog; path = Images.xcassets; sourceTree = "<group>"; };
		5818DC021B95948A00571A61 /* Base */ = {isa = PBXFileReference; lastKnownFileType = file.xib; name = Base; path = Base.lproj/LaunchScreen.xib; sourceTree = "<group>"; };
		5818DC081B95948A00571A61 /* AnimationTests.xctest */ = {isa = PBXFileReference; explicitFileType = wrapper.cfbundle; includeInIndex = 0; path = AnimationTests.xctest; sourceTree = BUILT_PRODUCTS_DIR; };
		5818DC0D1B95948A00571A61 /* Info.plist */ = {isa = PBXFileReference; lastKnownFileType = text.plist.xml; path = Info.plist; sourceTree = "<group>"; };
		5818DC0E1B95948A00571A61 /* AnimationTests.m */ = {isa = PBXFileReference; lastKnownFileType = sourcecode.c.objc; path = AnimationTests.m; sourceTree = "<group>"; };
		5818DC181B9594E600571A61 /* CollectionViewController.h */ = {isa = PBXFileReference; fileEncoding = 4; lastKnownFileType = sourcecode.c.h; path = CollectionViewController.h; sourceTree = "<group>"; };
		5818DC191B9594E600571A61 /* CollectionViewController.m */ = {isa = PBXFileReference; fileEncoding = 4; lastKnownFileType = sourcecode.c.objc; path = CollectionViewController.m; sourceTree = "<group>"; };
		5818DC211B95974500571A61 /* LineLayout.h */ = {isa = PBXFileReference; fileEncoding = 4; lastKnownFileType = sourcecode.c.h; path = LineLayout.h; sourceTree = "<group>"; };
		5818DC221B95974500571A61 /* LineLayout.m */ = {isa = PBXFileReference; fileEncoding = 4; lastKnownFileType = sourcecode.c.objc; path = LineLayout.m; sourceTree = "<group>"; };
		5818DC241B95979300571A61 /* Cell.h */ = {isa = PBXFileReference; fileEncoding = 4; lastKnownFileType = sourcecode.c.h; path = Cell.h; sourceTree = "<group>"; };
		5818DC251B95979300571A61 /* Cell.m */ = {isa = PBXFileReference; fileEncoding = 4; lastKnownFileType = sourcecode.c.objc; path = Cell.m; sourceTree = "<group>"; };
/* End PBXFileReference section */

/* Begin PBXFrameworksBuildPhase section */
		5818DBF21B95948A00571A61 /* Frameworks */ = {
			isa = PBXFrameworksBuildPhase;
			buildActionMask = 2147483647;
			files = (
			);
			runOnlyForDeploymentPostprocessing = 0;
		};
		5818DC051B95948A00571A61 /* Frameworks */ = {
			isa = PBXFrameworksBuildPhase;
			buildActionMask = 2147483647;
			files = (
			);
			runOnlyForDeploymentPostprocessing = 0;
		};
/* End PBXFrameworksBuildPhase section */

/* Begin PBXGroup section */
		5818DBEC1B95948900571A61 = {
			isa = PBXGroup;
			children = (
				5818DBF71B95948A00571A61 /* Animation */,
				5818DC0B1B95948A00571A61 /* AnimationTests */,
				5818DBF61B95948A00571A61 /* Products */,
			);
			sourceTree = "<group>";
		};
		5818DBF61B95948A00571A61 /* Products */ = {
			isa = PBXGroup;
			children = (
				5818DBF51B95948A00571A61 /* Animation.app */,
				5818DC081B95948A00571A61 /* AnimationTests.xctest */,
			);
			name = Products;
			sourceTree = "<group>";
		};
		5818DBF71B95948A00571A61 /* Animation */ = {
			isa = PBXGroup;
			children = (
				5818DBFC1B95948A00571A61 /* AppDelegate.h */,
				5818DBFD1B95948A00571A61 /* AppDelegate.m */,
				5818DC181B9594E600571A61 /* CollectionViewController.h */,
				5818DC191B9594E600571A61 /* CollectionViewController.m */,
				5818DC211B95974500571A61 /* LineLayout.h */,
				5818DC221B95974500571A61 /* LineLayout.m */,
				5818DC241B95979300571A61 /* Cell.h */,
				5818DC251B95979300571A61 /* Cell.m */,
				5818DBFF1B95948A00571A61 /* Images.xcassets */,
				5818DC011B95948A00571A61 /* LaunchScreen.xib */,
				5818DBF81B95948A00571A61 /* Supporting Files */,
			);
			path = Animation;
			sourceTree = "<group>";
		};
		5818DBF81B95948A00571A61 /* Supporting Files */ = {
			isa = PBXGroup;
			children = (
				5818DBF91B95948A00571A61 /* Info.plist */,
				5818DBFA1B95948A00571A61 /* main.m */,
			);
			name = "Supporting Files";
			sourceTree = "<group>";
		};
		5818DC0B1B95948A00571A61 /* AnimationTests */ = {
			isa = PBXGroup;
			children = (
				5818DC0E1B95948A00571A61 /* AnimationTests.m */,
				5818DC0C1B95948A00571A61 /* Supporting Files */,
			);
			path = AnimationTests;
			sourceTree = "<group>";
		};
		5818DC0C1B95948A00571A61 /* Supporting Files */ = {
			isa = PBXGroup;
			children = (
				5818DC0D1B95948A00571A61 /* Info.plist */,
			);
			name = "Supporting Files";
			sourceTree = "<group>";
		};
/* End PBXGroup section */

/* Begin PBXNativeTarget section */
		5818DBF41B95948A00571A61 /* Animation */ = {
			isa = PBXNativeTarget;
			buildConfigurationList = 5818DC121B95948A00571A61 /* Build configuration list for PBXNativeTarget "Animation" */;
			buildPhases = (
				5818DBF11B95948A00571A61 /* Sources */,
				5818DBF21B95948A00571A61 /* Frameworks */,
				5818DBF31B95948A00571A61 /* Resources */,
			);
			buildRules = (
			);
			dependencies = (
			);
			name = Animation;
			productName = Animation;
			productReference = 5818DBF51B95948A00571A61 /* Animation.app */;
			productType = "com.apple.product-type.application";
		};
		5818DC071B95948A00571A61 /* AnimationTests */ = {
			isa = PBXNativeTarget;
			buildConfigurationList = 5818DC151B95948A00571A61 /* Build configuration list for PBXNativeTarget "AnimationTests" */;
			buildPhases = (
				5818DC041B95948A00571A61 /* Sources */,
				5818DC051B95948A00571A61 /* Frameworks */,
				5818DC061B95948A00571A61 /* Resources */,
			);
			buildRules = (
			);
			dependencies = (
				5818DC0A1B95948A00571A61 /* PBXTargetDependency */,
			);
			name = AnimationTests;
			productName = AnimationTests;
			productReference = 5818DC081B95948A00571A61 /* AnimationTests.xctest */;
			productType = "com.apple.product-type.bundle.unit-test";
		};
/* End PBXNativeTarget section */

/* Begin PBXProject section */
		5818DBED1B95948900571A61 /* Project object */ = {
			isa = PBXProject;
			attributes = {
				LastUpgradeCheck = 0640;
				ORGANIZATIONNAME = Marvin;
				TargetAttributes = {
					5818DBF41B95948A00571A61 = {
						CreatedOnToolsVersion = 6.4;
					};
					5818DC071B95948A00571A61 = {
						CreatedOnToolsVersion = 6.4;
						TestTargetID = 5818DBF41B95948A00571A61;
					};
				};
			};
			buildConfigurationList = 5818DBF01B95948900571A61 /* Build configuration list for PBXProject "Animation" */;
			compatibilityVersion = "Xcode 3.2";
			developmentRegion = English;
			hasScannedForEncodings = 0;
			knownRegions = (
				en,
				Base,
			);
			mainGroup = 5818DBEC1B95948900571A61;
			productRefGroup = 5818DBF61B95948A00571A61 /* Products */;
			projectDirPath = "";
			projectRoot = "";
			targets = (
				5818DBF41B95948A00571A61 /* Animation */,
				5818DC071B95948A00571A61 /* AnimationTests */,
			);
		};
/* End PBXProject section */

/* Begin PBXResourcesBuildPhase section */
		5818DBF31B95948A00571A61 /* Resources */ = {
			isa = PBXResourcesBuildPhase;
			buildActionMask = 2147483647;
			files = (
				5818DC031B95948A00571A61 /* LaunchScreen.xib in Resources */,
				5818DC001B95948A00571A61 /* Images.xcassets in Resources */,
			);
			runOnlyForDeploymentPostprocessing = 0;
		};
		5818DC061B95948A00571A61 /* Resources */ = {
			isa = PBXResourcesBuildPhase;
			buildActionMask = 2147483647;
			files = (
			);
			runOnlyForDeploymentPostprocessing = 0;
		};
/* End PBXResourcesBuildPhase section */

/* Begin PBXSourcesBuildPhase section */
		5818DBF11B95948A00571A61 /* Sources */ = {
			isa = PBXSourcesBuildPhase;
			buildActionMask = 2147483647;
			files = (
				5818DC261B95979300571A61 /* Cell.m in Sources */,
				5818DBFE1B95948A00571A61 /* AppDelegate.m in Sources */,
				5818DC231B95974500571A61 /* LineLayout.m in Sources */,
				5818DBFB1B95948A00571A61 /* main.m in Sources */,
				5818DC1A1B9594E600571A61 /* CollectionViewController.m in Sources */,
			);
			runOnlyForDeploymentPostprocessing = 0;
		};
		5818DC041B95948A00571A61 /* Sources */ = {
			isa = PBXSourcesBuildPhase;
			buildActionMask = 2147483647;
			files = (
				5818DC0F1B95948A00571A61 /* AnimationTests.m in Sources */,
			);
			runOnlyForDeploymentPostprocessing = 0;
		};
/* End PBXSourcesBuildPhase section */

/* Begin PBXTargetDependency section */
		5818DC0A1B95948A00571A61 /* PBXTargetDependency */ = {
			isa = PBXTargetDependency;
			target = 5818DBF41B95948A00571A61 /* Animation */;
			targetProxy = 5818DC091B95948A00571A61 /* PBXContainerItemProxy */;
		};
/* End PBXTargetDependency section */

/* Begin PBXVariantGroup section */
		5818DC011B95948A00571A61 /* LaunchScreen.xib */ = {
			isa = PBXVariantGroup;
			children = (
				5818DC021B95948A00571A61 /* Base */,
			);
			name = LaunchScreen.xib;
			sourceTree = "<group>";
		};
/* End PBXVariantGroup section */

/* Begin XCBuildConfiguration section */
		5818DC101B95948A00571A61 /* Debug */ = {
			isa = XCBuildConfiguration;
			buildSettings = {
				ALWAYS_SEARCH_USER_PATHS = NO;
				CLANG_CXX_LANGUAGE_STANDARD = "gnu++0x";
				CLANG_CXX_LIBRARY = "libc++";
				CLANG_ENABLE_MODULES = YES;
				CLANG_ENABLE_OBJC_ARC = YES;
				CLANG_WARN_BOOL_CONVERSION = YES;
				CLANG_WARN_CONSTANT_CONVERSION = YES;
				CLANG_WARN_DIRECT_OBJC_ISA_USAGE = YES_ERROR;
				CLANG_WARN_EMPTY_BODY = YES;
				CLANG_WARN_ENUM_CONVERSION = YES;
				CLANG_WARN_INT_CONVERSION = YES;
				CLANG_WARN_OBJC_ROOT_CLASS = YES_ERROR;
				CLANG_WARN_UNREACHABLE_CODE = YES;
				CLANG_WARN__DUPLICATE_METHOD_MATCH = YES;
				"CODE_SIGN_IDENTITY[sdk=iphoneos*]" = "iPhone Developer";
				COPY_PHASE_STRIP = NO;
				DEBUG_INFORMATION_FORMAT = "dwarf-with-dsym";
				ENABLE_STRICT_OBJC_MSGSEND = YES;
				GCC_C_LANGUAGE_STANDARD = gnu99;
				GCC_DYNAMIC_NO_PIC = NO;
				GCC_NO_COMMON_BLOCKS = YES;
				GCC_OPTIMIZATION_LEVEL = 0;
				GCC_PREPROCESSOR_DEFINITIONS = (
					"DEBUG=1",
					"$(inherited)",
				);
				GCC_SYMBOLS_PRIVATE_EXTERN = NO;
				GCC_WARN_64_TO_32_BIT_CONVERSION = YES;
				GCC_WARN_ABOUT_RETURN_TYPE = YES_ERROR;
				GCC_WARN_UNDECLARED_SELECTOR = YES;
				GCC_WARN_UNINITIALIZED_AUTOS = YES_AGGRESSIVE;
				GCC_WARN_UNUSED_FUNCTION = YES;
				GCC_WARN_UNUSED_VARIABLE = YES;
				IPHONEOS_DEPLOYMENT_TARGET = 8.4;
				MTL_ENABLE_DEBUG_INFO = YES;
				ONLY_ACTIVE_ARCH = YES;
				SDKROOT = iphoneos;
				TARGETED_DEVICE_FAMILY = "1,2";
			};
			name = Debug;
		};
		5818DC111B95948A00571A61 /* Release */ = {
			isa = XCBuildConfiguration;
			buildSettings = {
				ALWAYS_SEARCH_USER_PATHS = NO;
				CLANG_CXX_LANGUAGE_STANDARD = "gnu++0x";
				CLANG_CXX_LIBRARY = "libc++";
				CLANG_ENABLE_MODULES = YES;
				CLANG_ENABLE_OBJC_ARC = YES;
				CLANG_WARN_BOOL_CONVERSION = YES;
				CLANG_WARN_CONSTANT_CONVERSION = YES;
				CLANG_WARN_DIRECT_OBJC_ISA_USAGE = YES_ERROR;
				CLANG_WARN_EMPTY_BODY = YES;
				CLANG_WARN_ENUM_CONVERSION = YES;
				CLANG_WARN_INT_CONVERSION = YES;
				CLANG_WARN_OBJC_ROOT_CLASS = YES_ERROR;
				CLANG_WARN_UNREACHABLE_CODE = YES;
				CLANG_WARN__DUPLICATE_METHOD_MATCH = YES;
				"CODE_SIGN_IDENTITY[sdk=iphoneos*]" = "iPhone Developer";
				COPY_PHASE_STRIP = NO;
				DEBUG_INFORMATION_FORMAT = "dwarf-with-dsym";
				ENABLE_NS_ASSERTIONS = NO;
				ENABLE_STRICT_OBJC_MSGSEND = YES;
				GCC_C_LANGUAGE_STANDARD = gnu99;
				GCC_NO_COMMON_BLOCKS = YES;
				GCC_WARN_64_TO_32_BIT_CONVERSION = YES;
				GCC_WARN_ABOUT_RETURN_TYPE = YES_ERROR;
				GCC_WARN_UNDECLARED_SELECTOR = YES;
				GCC_WARN_UNINITIALIZED_AUTOS = YES_AGGRESSIVE;
				GCC_WARN_UNUSED_FUNCTION = YES;
				GCC_WARN_UNUSED_VARIABLE = YES;
				IPHONEOS_DEPLOYMENT_TARGET = 8.4;
				MTL_ENABLE_DEBUG_INFO = NO;
				SDKROOT = iphoneos;
				TARGETED_DEVICE_FAMILY = "1,2";
				VALIDATE_PRODUCT = YES;
			};
			name = Release;
		};
		5818DC131B95948A00571A61 /* Debug */ = {
			isa = XCBuildConfiguration;
			buildSettings = {
				ASSETCATALOG_COMPILER_APPICON_NAME = AppIcon;
				INFOPLIST_FILE = Animation/Info.plist;
				LD_RUNPATH_SEARCH_PATHS = "$(inherited) @executable_path/Frameworks";
				PRODUCT_NAME = "$(TARGET_NAME)";
			};
			name = Debug;
		};
		5818DC141B95948A00571A61 /* Release */ = {
			isa = XCBuildConfiguration;
			buildSettings = {
				ASSETCATALOG_COMPILER_APPICON_NAME = AppIcon;
				INFOPLIST_FILE = Animation/Info.plist;
				LD_RUNPATH_SEARCH_PATHS = "$(inherited) @executable_path/Frameworks";
				PRODUCT_NAME = "$(TARGET_NAME)";
			};
			name = Release;
		};
		5818DC161B95948A00571A61 /* Debug */ = {
			isa = XCBuildConfiguration;
			buildSettings = {
				BUNDLE_LOADER = "$(TEST_HOST)";
				FRAMEWORK_SEARCH_PATHS = (
					"$(SDKROOT)/Developer/Library/Frameworks",
					"$(inherited)",
				);
				GCC_PREPROCESSOR_DEFINITIONS = (
					"DEBUG=1",
					"$(inherited)",
				);
				INFOPLIST_FILE = AnimationTests/Info.plist;
				LD_RUNPATH_SEARCH_PATHS = "$(inherited) @executable_path/Frameworks @loader_path/Frameworks";
				PRODUCT_NAME = "$(TARGET_NAME)";
				TEST_HOST = "$(BUILT_PRODUCTS_DIR)/Animation.app/Animation";
			};
			name = Debug;
		};
		5818DC171B95948A00571A61 /* Release */ = {
			isa = XCBuildConfiguration;
			buildSettings = {
				BUNDLE_LOADER = "$(TEST_HOST)";
				FRAMEWORK_SEARCH_PATHS = (
					"$(SDKROOT)/Developer/Library/Frameworks",
					"$(inherited)",
				);
				INFOPLIST_FILE = AnimationTests/Info.plist;
				LD_RUNPATH_SEARCH_PATHS = "$(inherited) @executable_path/Frameworks @loader_path/Frameworks";
				PRODUCT_NAME = "$(TARGET_NAME)";
				TEST_HOST = "$(BUILT_PRODUCTS_DIR)/Animation.app/Animation";
			};
			name = Release;
		};
/* End XCBuildConfiguration section */

/* Begin XCConfigurationList section */
		5818DBF01B95948900571A61 /* Build configuration list for PBXProject "Animation" */ = {
			isa = XCConfigurationList;
			buildConfigurations = (
				5818DC101B95948A00571A61 /* Debug */,
				5818DC111B95948A00571A61 /* Release */,
			);
			defaultConfigurationIsVisible = 0;
			defaultConfigurationName = Release;
		};
		5818DC121B95948A00571A61 /* Build configuration list for PBXNativeTarget "Animation" */ = {
			isa = XCConfigurationList;
			buildConfigurations = (
				5818DC131B95948A00571A61 /* Debug */,
				5818DC141B95948A00571A61 /* Release */,
			);
			defaultConfigurationIsVisible = 0;
			defaultConfigurationName = Release;
		};
		5818DC151B95948A00571A61 /* Build configuration list for PBXNativeTarget "AnimationTests" */ = {
			isa = XCConfigurationList;
			buildConfigurations = (
				5818DC161B95948A00571A61 /* Debug */,
				5818DC171B95948A00571A61 /* Release */,
			);
			defaultConfigurationIsVisible = 0;
			defaultConfigurationName = Release;
		};
/* End XCConfigurationList section */
	};
	rootObject = 5818DBED1B95948900571A61 /* Project object */;
}
